
Microsoft Visual Studio Solution File, Format Version 11.00
# Visual Studio 2010
Project("{FAE04EC0-301F-11D3-BF4B-00C04F79EFBC}") = "axScript3", "axScript3\axScript3.csproj", "{33068CFB-AEF5-43E7-97B0-E89A96313A30}"
EndProject
Project("{FAE04EC0-301F-11D3-BF4B-00C04F79EFBC}") = "axScript3 Console", "axScript3 Console\axScript3 Console.csproj", "{80842320-BF8C-457A-AD07-E67FB2A752D3}"
EndProject
Project("{FAE04EC0-301F-11D3-BF4B-00C04F79EFBC}") = "IO", "IO\IO.csproj", "{E29E1906-0F5B-46A0-B0CF-097423EACD44}"
EndProject
Project("{FAE04EC0-301F-11D3-BF4B-00C04F79EFBC}") = "Sockets", "Sockets\Sockets.csproj", "{A687F1A2-7D64-4229-8A14-8C377B18FE0A}"
EndProject
Project("{FAE04EC0-301F-11D3-BF4B-00C04F79EFBC}") = "UI", "UI\UI.csproj", "{E58DED6F-CF4C-4D74-9027-C530E8C4C3CC}"
EndProject
Global
	GlobalSection(SolutionConfigurationPlatforms) = preSolution
		Debug|Any CPU = Debug|Any CPU
		Release|Any CPU = Release|Any CPU
	EndGlobalSection
	GlobalSection(ProjectConfigurationPlatforms) = postSolution
		{33068CFB-AEF5-43E7-97B0-E89A96313A30}.Debug|Any CPU.ActiveCfg = Debug|Any CPU
		{33068CFB-AEF5-43E7-97B0-E89A96313A30}.Debug|Any CPU.Build.0 = Debug|Any CPU
		{33068CFB-AEF5-43E7-97B0-E89A96313A30}.Release|Any CPU.ActiveCfg = Release|Any CPU
		{33068CFB-AEF5-43E7-97B0-E89A96313A30}.Release|Any CPU.Build.0 = Release|Any CPU
		{80842320-BF8C-457A-AD07-E67FB2A752D3}.Debug|Any CPU.ActiveCfg = Debug|Any CPU
		{80842320-BF8C-457A-AD07-E67FB2A752D3}.Debug|Any CPU.Build.0 = Debug|Any CPU
		{80842320-BF8C-457A-AD07-E67FB2A752D3}.Release|Any CPU.ActiveCfg = Release|Any CPU
		{80842320-BF8C-457A-AD07-E67FB2A752D3}.Release|Any CPU.Build.0 = Release|Any CPU
		{E29E1906-0F5B-46A0-B0CF-097423EACD44}.Debug|Any CPU.ActiveCfg = Debug|Any CPU
		{E29E1906-0F5B-46A0-B0CF-097423EACD44}.Debug|Any CPU.Build.0 = Debug|Any CPU
		{E29E1906-0F5B-46A0-B0CF-097423EACD44}.Release|Any CPU.ActiveCfg = Release|Any CPU
		{E29E1906-0F5B-46A0-B0CF-097423EACD44}.Release|Any CPU.Build.0 = Release|Any CPU
		{A687F1A2-7D64-4229-8A14-8C377B18FE0A}.Debug|Any CPU.ActiveCfg = Debug|Any CPU
		{A687F1A2-7D64-4229-8A14-8C377B18FE0A}.Debug|Any CPU.Build.0 = Debug|Any CPU
		{A687F1A2-7D64-4229-8A14-8C377B18FE0A}.Release|Any CPU.ActiveCfg = Release|Any CPU
		{A687F1A2-7D64-4229-8A14-8C377B18FE0A}.Release|Any CPU.Build.0 = Release|Any CPU
		{E58DED6F-CF4C-4D74-9027-C530E8C4C3CC}.Debug|Any CPU.ActiveCfg = Debug|Any CPU
		{E58DED6F-CF4C-4D74-9027-C530E8C4C3CC}.Debug|Any CPU.Build.0 = Debug|Any CPU
		{E58DED6F-CF4C-4D74-9027-C530E8C4C3CC}.Release|Any CPU.ActiveCfg = Release|Any CPU
		{E58DED6F-CF4C-4D74-9027-C530E8C4C3CC}.Release|Any CPU.Build.0 = Release|Any CPU
	EndGlobalSection
	GlobalSection(SolutionProperties) = preSolution
		HideSolutionNode = FALSE
	EndGlobalSection
	GlobalSection(MonoDevelopProperties) = preSolution
		StartupItem = axScript3 Console\axScript3 Console.csproj
		Policies = $0
		$0.DotNetNamingPolicy = $1
		$1.DirectoryNamespaceAssociation = None
		$1.ResourceNamePolicy = FileFormatDefault
		$0.StandardHeader = $2
		$2.Text = 
		$2.IncludeInNewFiles = True
		$0.VersionControlPolicy = $3
		$3.inheritsSet = Mono
		description = A script running utlility.
	EndGlobalSection
EndGlobal
